{
  "pins" : [
    {
      "identity" : "swift-argument-parser",
      "kind" : "remoteSourceControl",
      "location" : "https://github.com/apple/swift-argument-parser",
      "state" : {
        "revision" : "c8ed701b513cf5177118a175d85fbbbcd707ab41",
        "version" : "1.3.0"
      }
    },
    {
      "identity" : "swifttreesitter",
      "kind" : "remoteSourceControl",
      "location" : "https://github.com/ChimeHQ/SwiftTreeSitter",
      "state" : {
        "revision" : "2599e95310b3159641469d8a21baf2d3d200e61f",
        "version" : "0.8.0"
      }
    }
  ],
  "version" : 2
}
